<?xml version="1.0" encoding="utf-8"?>
<Project ToolsVersion="4.0" xmlns="http://schemas.microsoft.com/developer/msbuild/2003">
  <ItemGroup>
    <Filter Include="Source Files">
      <UniqueIdentifier>{4FC737F1-C7A5-4376-A066-2A32D752A2FF}</UniqueIdentifier>
      <Extensions>cpp;c;cc;cxx;def;odl;idl;hpj;bat;asm;asmx</Extensions>
    </Filter>
    <Filter Include="Header Files">
      <UniqueIdentifier>{93995380-89BD-4b04-88EB-625FBE52EBFB}</UniqueIdentifier>
      <Extensions>h;hh;hpp;hxx;hm;inl;inc;xsd</Extensions>
    </Filter>
    <Filter Include="Resource Files">
      <UniqueIdentifier>{D9D6E242-F8AF-46E4-B9FD-80ECBC20BA3E}</UniqueIdentifier>
      <Extensions>qrc;*</Extensions>
      <ParseFiles>false</ParseFiles>
    </Filter>
    <Filter Include="Form Files">
      <UniqueIdentifier>{99349809-55BA-4b9d-BF79-8FDBB0286EB3}</UniqueIdentifier>
      <Extensions>ui</Extensions>
    </Filter>
    <Filter Include="Resource Files">
      <UniqueIdentifier>{D9D6E242-F8AF-46E4-B9FD-80ECBC20BA3E}</UniqueIdentifier>
      <Extensions>qrc;*</Extensions>
      <ParseFiles>false</ParseFiles>
    </Filter>
    <Filter Include="Generated Files">
      <UniqueIdentifier>{71ED8ED8-ACB9-4CE9-BBE1-E00B30144E11}</UniqueIdentifier>
      <Extensions>moc;h;cpp</Extensions>
      <SourceControlFiles>False</SourceControlFiles>
    </Filter>
    <Filter Include="Header Files\add">
      <UniqueIdentifier>{6aa3bb08-5bdc-442d-8773-480abdb94d28}</UniqueIdentifier>
    </Filter>
    <Filter Include="Header Files\del">
      <UniqueIdentifier>{b0eefc31-58e5-4afb-8514-b043ad75510c}</UniqueIdentifier>
    </Filter>
    <Filter Include="Source Files\add">
      <UniqueIdentifier>{ee6cf104-1f0a-4ba2-8798-dfb141956fea}</UniqueIdentifier>
    </Filter>
    <Filter Include="Source Files\del">
      <UniqueIdentifier>{714cb60a-25ca-45d0-bca6-bd1a2416b222}</UniqueIdentifier>
    </Filter>
    <Filter Include="Source Files\handler">
      <UniqueIdentifier>{7c2a0a39-8e21-4df2-a8fc-67568568bc1d}</UniqueIdentifier>
    </Filter>
    <Filter Include="Source Files\class">
      <UniqueIdentifier>{42019125-f646-4e4d-9077-0c72bcba2959}</UniqueIdentifier>
    </Filter>
    <Filter Include="Header Files\class">
      <UniqueIdentifier>{04425db0-b378-4d07-bf21-468e4a951eac}</UniqueIdentifier>
    </Filter>
    <Filter Include="Form Files\add">
      <UniqueIdentifier>{2a11cb2c-9822-44ee-83c2-88e0e78324c4}</UniqueIdentifier>
    </Filter>
    <Filter Include="Form Files\del">
      <UniqueIdentifier>{a4adbce3-5815-43ba-bb2e-3104289026e3}</UniqueIdentifier>
    </Filter>
  </ItemGroup>
  <ItemGroup>
    <ClCompile Include="main.cpp">
      <Filter>Source Files</Filter>
    </ClCompile>
    <ClCompile Include="finance_app.cpp">
      <Filter>Source Files</Filter>
    </ClCompile>
    <ClCompile Include="delete_ui.cpp">
      <Filter>Source Files</Filter>
    </ClCompile>
    <ClCompile Include="add_service_ui.cpp">
      <Filter>Source Files\add</Filter>
    </ClCompile>
    <ClCompile Include="add_ui.cpp">
      <Filter>Source Files\add</Filter>
    </ClCompile>
    <ClCompile Include="del_ui.cpp">
      <Filter>Source Files\del</Filter>
    </ClCompile>
    <ClCompile Include="Services.cpp">
      <Filter>Source Files\class</Filter>
    </ClCompile>
    <ClCompile Include="Service_father.cpp">
      <Filter>Source Files\class</Filter>
    </ClCompile>
    <ClCompile Include="Iteam.cpp">
      <Filter>Source Files\class</Filter>
    </ClCompile>
    <ClCompile Include="interface_handler.cpp">
      <Filter>Source Files\handler</Filter>
    </ClCompile>
    <ClCompile Include="deep_handler.cpp">
      <Filter>Source Files\handler</Filter>
    </ClCompile>
    <ClCompile Include="event_handler.cpp">
      <Filter>Source Files\handler</Filter>
    </ClCompile>
    <ClCompile Include="income.cpp">
      <Filter>Source Files\class</Filter>
    </ClCompile>
    <ClCompile Include="iteam_ui.cpp">
      <Filter>Source Files\add</Filter>
    </ClCompile>
    <ClCompile Include="service_ui.cpp">
      <Filter>Source Files\add</Filter>
    </ClCompile>
    <ClCompile Include="menu_ui.cpp">
      <Filter>Source Files</Filter>
    </ClCompile>
    <ClCompile Include="signal_handler.cpp">
      <Filter>Source Files\handler</Filter>
    </ClCompile>
    <ClCompile Include="database_handler.cpp">
      <Filter>Source Files\handler</Filter>
    </ClCompile>
    <ClCompile Include="income_ui.cpp">
      <Filter>Source Files\add</Filter>
    </ClCompile>
    <ClCompile Include="treEView.cpp">
      <Filter>Source Files</Filter>
    </ClCompile>
  </ItemGroup>
  <ItemGroup>
    <QtMoc Include="finance_app.h">
      <Filter>Header Files</Filter>
    </QtMoc>
    <QtMoc Include="service_ui.h">
      <Filter>Header Files</Filter>
    </QtMoc>
    <QtMoc Include="delete_ui.h">
      <Filter>Header Files</Filter>
    </QtMoc>
    <QtMoc Include="add_service_ui.h">
      <Filter>Header Files\add</Filter>
    </QtMoc>
    <QtMoc Include="add_ui.h">
      <Filter>Header Files\add</Filter>
    </QtMoc>
    <QtMoc Include="del_ui.h">
      <Filter>Header Files\del</Filter>
    </QtMoc>
    <QtMoc Include="iteam_ui.h">
      <Filter>Header Files\add</Filter>
    </QtMoc>
    <QtMoc Include="menu_ui.h">
      <Filter>Header Files</Filter>
    </QtMoc>
    <QtMoc Include="income_ui.h">
      <Filter>Header Files\add</Filter>
    </QtMoc>
    <QtMoc Include="treEView.h">
      <Filter>Header Files</Filter>
    </QtMoc>
  </ItemGroup>
  <ItemGroup>
    <QtUic Include="finance_app.ui">
      <Filter>Form Files</Filter>
    </QtUic>
    <QtUic Include="service_ui.ui">
      <Filter>Form Files</Filter>
    </QtUic>
    <QtUic Include="add_service_ui.ui">
      <Filter>Form Files\add</Filter>
    </QtUic>
    <QtUic Include="add_ui.ui">
      <Filter>Form Files\add</Filter>
    </QtUic>
    <QtUic Include="iteam_ui.ui">
      <Filter>Form Files\add</Filter>
    </QtUic>
    <QtUic Include="income_ui.ui">
      <Filter>Form Files\add</Filter>
    </QtUic>
    <QtUic Include="del_ui.ui">
      <Filter>Form Files\del</Filter>
    </QtUic>
    <QtUic Include="delete_ui.ui">
      <Filter>Form Files\del</Filter>
    </QtUic>
    <QtUic Include="menu_ui.ui">
      <Filter>Form Files</Filter>
    </QtUic>
  </ItemGroup>
  <ItemGroup>
    <QtRcc Include="finance_app.qrc">
      <Filter>Resource Files</Filter>
    </QtRcc>
  </ItemGroup>
  <ItemGroup>
    <ClInclude Include="Service_father.h">
      <Filter>Header Files\class</Filter>
    </ClInclude>
    <ClInclude Include="Services.h">
      <Filter>Header Files\class</Filter>
    </ClInclude>
    <ClInclude Include="income.h">
      <Filter>Header Files\class</Filter>
    </ClInclude>
    <ClInclude Include="Iteam.h">
      <Filter>Header Files\class</Filter>
    </ClInclude>
    <ClInclude Include="resource1.h">
      <Filter>Header Files</Filter>
    </ClInclude>
  </ItemGroup>
  <ItemGroup>
    <ResourceCompile Include="finance_app1.rc" />
  </ItemGroup>
</Project>